
Microsoft Visual Studio Solution File, Format Version 12.00
# Visual Studio Version 17
VisualStudioVersion = 17.1.32421.90
MinimumVisualStudioVersion = 10.0.40219.1
Project("{888888A0-9F3D-457C-B088-3A5042F75D52}") = "flexTjek", "flexTjek\flexTjek.pyproj", "{02FBE564-EC7A-433E-9084-07EE6E598A05}"
EndProject
Global
	GlobalSection(SolutionConfigurationPlatforms) = preSolution
		Debug|Any CPU = Debug|Any CPU
		Release|Any CPU = Release|Any CPU
	EndGlobalSection
	GlobalSection(ProjectConfigurationPlatforms) = postSolution
		{02FBE564-EC7A-433E-9084-07EE6E598A05}.Debug|Any CPU.ActiveCfg = Debug|Any CPU
		{02FBE564-EC7A-433E-9084-07EE6E598A05}.Debug|Any CPU.Build.0 = Debug|Any CPU
		{02FBE564-EC7A-433E-9084-07EE6E598A05}.Release|Any CPU.ActiveCfg = Release|Any CPU
		{02FBE564-EC7A-433E-9084-07EE6E598A05}.Release|Any CPU.Build.0 = Release|Any CPU
	EndGlobalSection
	GlobalSection(SolutionProperties) = preSolution
		HideSolutionNode = FALSE
	EndGlobalSection
	GlobalSection(ExtensibilityGlobals) = postSolution
		SolutionGuid = {68E8836B-1E0E-488B-A26C-9A6962102C56}
	EndGlobalSection
EndGlobal
